{
  "name": "node_usbip_server",
  "version": "0.1.0",
  "lockfileVersion": 2,
  "requires": true,
  "packages": {
    "": {
      "version": "0.1.0",
      "license": "ISC",
      "devDependencies": {
        "@types/node": "^16.7.4",
        "typescript": "^4.4.2"
      }
    },
    "node_modules/@types/node": {
      "version": "16.7.4",
      "resolved": "https://registry.npmjs.org/@types/node/-/node-16.7.4.tgz",
      "integrity": "sha512-25QXpDsTiDnl2rZGUenagVMwO46way8dOUdvoC3R3p+6TrbpxeJBo/v87BEG1IHI31Jhaa8lPeSHcqwxsVBeYQ==",
      "dev": true
    },
    "node_modules/typescript": {
      "version": "4.4.2",
      "resolved": "https://registry.npmjs.org/typescript/-/typescript-4.4.2.tgz",
      "integrity": "sha512-gzP+t5W4hdy4c+68bfcv0t400HVJMMd2+H9B7gae1nQlBzCqvrXX+6GL/b3GAgyTH966pzrZ70/fRjwAtZksSQ==",
      "dev": true,
      "bin": {
        "tsc": "bin/tsc",
        "tsserver": "bin/tsserver"
      },
      "engines": {
        "node": ">=4.2.0"
      }
    }
  },
  "dependencies": {
    "@types/node": {
      "version": "16.7.4",
      "resolved": "https://registry.npmjs.org/@types/node/-/node-16.7.4.tgz",
      "integrity": "sha512-25QXpDsTiDnl2rZGUenagVMwO46way8dOUdvoC3R3p+6TrbpxeJBo/v87BEG1IHI31Jhaa8lPeSHcqwxsVBeYQ==",
      "dev": true
    },
    "typescript": {
      "version": "4.4.2",
      "resolved": "https://registry.npmjs.org/typescript/-/typescript-4.4.2.tgz",
      "integrity": "sha512-gzP+t5W4hdy4c+68bfcv0t400HVJMMd2+H9B7gae1nQlBzCqvrXX+6GL/b3GAgyTH966pzrZ70/fRjwAtZksSQ==",
      "dev": true
    }
  }
}
